
Microsoft Visual Studio Solution File, Format Version 12.00
# Visual Studio 14
VisualStudioVersion = 14.0.22310.1
MinimumVisualStudioVersion = 10.0.40219.1
Project("{2150E333-8FDC-42A3-9474-1A3956D46DE8}") = "Solution Items", "Solution Items", "{1AC4CE3A-FE9B-4A40-AE72-3B9ADD4BDA4D}"
	ProjectSection(SolutionItems) = preProject
		appveyor.yml = appveyor.yml
		build.cmd = build.cmd
		build\build.ps1 = build\build.ps1
		global.json = global.json
		LICENSE = LICENSE
		build\makefile.shade = build\makefile.shade
		nuget.config = nuget.config
		README.md = README.md
	EndProjectSection
EndProject
Project("{8BB2217D-0F2D-49D1-97BC-3654ED321F3B}") = "Devbot.Net.Identity", "src\Devbot.Net.Identity\Devbot.Net.Identity.kproj", "{F63E7BAB-243A-4977-861D-B8900E9853C3}"
EndProject
Project("{8BB2217D-0F2D-49D1-97BC-3654ED321F3B}") = "Devbot.Net.Web.Helpers", "src\Devbot.Net.Web.Helpers\Devbot.Net.Web.Helpers.kproj", "{01042222-C350-4E15-9A25-677C9E180F0B}"
EndProject
Project("{8BB2217D-0F2D-49D1-97BC-3654ED321F3B}") = "Devbot.Net.Web", "src\Devbot.Net.Web\Devbot.Net.Web.kproj", "{E00A62AD-F1A7-4B92-8504-45CECB4BE6AA}"
EndProject
Global
	GlobalSection(SolutionConfigurationPlatforms) = preSolution
		Debug|Any CPU = Debug|Any CPU
		Release|Any CPU = Release|Any CPU
	EndGlobalSection
	GlobalSection(ProjectConfigurationPlatforms) = postSolution
		{F63E7BAB-243A-4977-861D-B8900E9853C3}.Debug|Any CPU.ActiveCfg = Debug|Any CPU
		{F63E7BAB-243A-4977-861D-B8900E9853C3}.Debug|Any CPU.Build.0 = Debug|Any CPU
		{F63E7BAB-243A-4977-861D-B8900E9853C3}.Release|Any CPU.ActiveCfg = Release|Any CPU
		{F63E7BAB-243A-4977-861D-B8900E9853C3}.Release|Any CPU.Build.0 = Release|Any CPU
		{01042222-C350-4E15-9A25-677C9E180F0B}.Debug|Any CPU.ActiveCfg = Debug|Any CPU
		{01042222-C350-4E15-9A25-677C9E180F0B}.Debug|Any CPU.Build.0 = Debug|Any CPU
		{01042222-C350-4E15-9A25-677C9E180F0B}.Release|Any CPU.ActiveCfg = Release|Any CPU
		{01042222-C350-4E15-9A25-677C9E180F0B}.Release|Any CPU.Build.0 = Release|Any CPU
		{E00A62AD-F1A7-4B92-8504-45CECB4BE6AA}.Debug|Any CPU.ActiveCfg = Debug|Any CPU
		{E00A62AD-F1A7-4B92-8504-45CECB4BE6AA}.Debug|Any CPU.Build.0 = Debug|Any CPU
		{E00A62AD-F1A7-4B92-8504-45CECB4BE6AA}.Release|Any CPU.ActiveCfg = Release|Any CPU
		{E00A62AD-F1A7-4B92-8504-45CECB4BE6AA}.Release|Any CPU.Build.0 = Release|Any CPU
	EndGlobalSection
	GlobalSection(SolutionProperties) = preSolution
		HideSolutionNode = FALSE
	EndGlobalSection
EndGlobal
